
Microsoft Visual Studio Solution File, Format Version 12.00
# Visual Studio Version 16
VisualStudioVersion = 16.0.31911.196
MinimumVisualStudioVersion = 10.0.40219.1
Project("{FAE04EC0-301F-11D3-BF4B-00C04F79EFBC}") = "dailywages", "dailywages\dailywages.csproj", "{4F76401C-646B-4C24-853D-7D1CDC57AB5B}"
EndProject
Global
	GlobalSection(SolutionConfigurationPlatforms) = preSolution
		Debug|Any CPU = Debug|Any CPU
		Release|Any CPU = Release|Any CPU
	EndGlobalSection
	GlobalSection(ProjectConfigurationPlatforms) = postSolution
		{4F76401C-646B-4C24-853D-7D1CDC57AB5B}.Debug|Any CPU.ActiveCfg = Debug|Any CPU
		{4F76401C-646B-4C24-853D-7D1CDC57AB5B}.Debug|Any CPU.Build.0 = Debug|Any CPU
		{4F76401C-646B-4C24-853D-7D1CDC57AB5B}.Release|Any CPU.ActiveCfg = Release|Any CPU
		{4F76401C-646B-4C24-853D-7D1CDC57AB5B}.Release|Any CPU.Build.0 = Release|Any CPU
	EndGlobalSection
	GlobalSection(SolutionProperties) = preSolution
		HideSolutionNode = FALSE
	EndGlobalSection
	GlobalSection(ExtensibilityGlobals) = postSolution
		SolutionGuid = {7A466FC9-2930-4A5C-B349-70BBC7C060D8}
	EndGlobalSection
EndGlobal
